// !$*UTF8*$!
{
	archiveVersion = 1;
	classes = {
	};
	objectVersion = 50;
	objects = {

/* Begin PBXBuildFile section */
		53EFC7E32625472600E76A0C /* AppDelegate.swift in Sources */ = {isa = PBXBuildFile; fileRef = 53EFC7E22625472600E76A0C /* AppDelegate.swift */; };
		53EFC7E52625472600E76A0C /* SceneDelegate.swift in Sources */ = {isa = PBXBuildFile; fileRef = 53EFC7E42625472600E76A0C /* SceneDelegate.swift */; };
		53EFC7E72625472600E76A0C /* ViewController.swift in Sources */ = {isa = PBXBuildFile; fileRef = 53EFC7E62625472600E76A0C /* ViewController.swift */; };
		53EFC7EA2625472600E76A0C /* Main.storyboard in Resources */ = {isa = PBXBuildFile; fileRef = 53EFC7E82625472600E76A0C /* Main.storyboard */; };
		53EFC7EC2625472700E76A0C /* Assets.xcassets in Resources */ = {isa = PBXBuildFile; fileRef = 53EFC7EB2625472700E76A0C /* Assets.xcassets */; };
		53EFC7EF2625472700E76A0C /* LaunchScreen.storyboard in Resources */ = {isa = PBXBuildFile; fileRef = 53EFC7ED2625472700E76A0C /* LaunchScreen.storyboard */; };
		53EFC7F926254EA200E76A0C /* TablaVCTableViewController.swift in Sources */ = {isa = PBXBuildFile; fileRef = 53EFC7F826254EA200E76A0C /* TablaVCTableViewController.swift */; };
/* End PBXBuildFile section */

/* Begin PBXFileReference section */
		53EFC7DF2625472600E76A0C /* Actividad 10.app */ = {isa = PBXFileReference; explicitFileType = wrapper.application; includeInIndex = 0; path = "Actividad 10.app"; sourceTree = BUILT_PRODUCTS_DIR; };
		53EFC7E22625472600E76A0C /* AppDelegate.swift */ = {isa = PBXFileReference; lastKnownFileType = sourcecode.swift; path = AppDelegate.swift; sourceTree = "<group>"; };
		53EFC7E42625472600E76A0C /* SceneDelegate.swift */ = {isa = PBXFileReference; lastKnownFileType = sourcecode.swift; path = SceneDelegate.swift; sourceTree = "<group>"; };
		53EFC7E62625472600E76A0C /* ViewController.swift */ = {isa = PBXFileReference; lastKnownFileType = sourcecode.swift; path = ViewController.swift; sourceTree = "<group>"; };
		53EFC7E92625472600E76A0C /* Base */ = {isa = PBXFileReference; lastKnownFileType = file.storyboard; name = Base; path = Base.lproj/Main.storyboard; sourceTree = "<group>"; };
		53EFC7EB2625472700E76A0C /* Assets.xcassets */ = {isa = PBXFileReference; lastKnownFileType = folder.assetcatalog; path = Assets.xcassets; sourceTree = "<group>"; };
		53EFC7EE2625472700E76A0C /* Base */ = {isa = PBXFileReference; lastKnownFileType = file.storyboard; name = Base; path = Base.lproj/LaunchScreen.storyboard; sourceTree = "<group>"; };
		53EFC7F02625472700E76A0C /* Info.plist */ = {isa = PBXFileReference; lastKnownFileType = text.plist.xml; path = Info.plist; sourceTree = "<group>"; };
		53EFC7F826254EA200E76A0C /* TablaVCTableViewController.swift */ = {isa = PBXFileReference; lastKnownFileType = sourcecode.swift; path = TablaVCTableViewController.swift; sourceTree = "<group>"; };
/* End PBXFileReference section */

/* Begin PBXFrameworksBuildPhase section */
		53EFC7DC2625472600E76A0C /* Frameworks */ = {
			isa = PBXFrameworksBuildPhase;
			buildActionMask = 2147483647;
			files = (
			);
			runOnlyForDeploymentPostprocessing = 0;
		};
/* End PBXFrameworksBuildPhase section */

/* Begin PBXGroup section */
		53EFC7D62625472600E76A0C = {
			isa = PBXGroup;
			children = (
				53EFC7E12625472600E76A0C /* Actividad 10 */,
				53EFC7E02625472600E76A0C /* Products */,
			);
			sourceTree = "<group>";
		};
		53EFC7E02625472600E76A0C /* Products */ = {
			isa = PBXGroup;
			children = (
				53EFC7DF2625472600E76A0C /* Actividad 10.app */,
			);
			name = Products;
			sourceTree = "<group>";
		};
		53EFC7E12625472600E76A0C /* Actividad 10 */ = {
			isa = PBXGroup;
			children = (
				53EFC7E22625472600E76A0C /* AppDelegate.swift */,
				53EFC7E42625472600E76A0C /* SceneDelegate.swift */,
				53EFC7E62625472600E76A0C /* ViewController.swift */,
				53EFC7E82625472600E76A0C /* Main.storyboard */,
				53EFC7EB2625472700E76A0C /* Assets.xcassets */,
				53EFC7ED2625472700E76A0C /* LaunchScreen.storyboard */,
				53EFC7F02625472700E76A0C /* Info.plist */,
				53EFC7F826254EA200E76A0C /* TablaVCTableViewController.swift */,
			);
			path = "Actividad 10";
			sourceTree = "<group>";
		};
/* End PBXGroup section */

/* Begin PBXNativeTarget section */
		53EFC7DE2625472600E76A0C /* Actividad 10 */ = {
			isa = PBXNativeTarget;
			buildConfigurationList = 53EFC7F32625472700E76A0C /* Build configuration list for PBXNativeTarget "Actividad 10" */;
			buildPhases = (
				53EFC7DB2625472600E76A0C /* Sources */,
				53EFC7DC2625472600E76A0C /* Frameworks */,
				53EFC7DD2625472600E76A0C /* Resources */,
			);
			buildRules = (
			);
			dependencies = (
			);
			name = "Actividad 10";
			productName = "Actividad 10";
			productReference = 53EFC7DF2625472600E76A0C /* Actividad 10.app */;
			productType = "com.apple.product-type.application";
		};
/* End PBXNativeTarget section */

/* Begin PBXProject section */
		53EFC7D72625472600E76A0C /* Project object */ = {
			isa = PBXProject;
			attributes = {
				LastSwiftUpdateCheck = 1130;
				LastUpgradeCheck = 1130;
				ORGANIZATIONNAME = user183808;
				TargetAttributes = {
					53EFC7DE2625472600E76A0C = {
						CreatedOnToolsVersion = 11.3.1;
					};
				};
			};
			buildConfigurationList = 53EFC7DA2625472600E76A0C /* Build configuration list for PBXProject "Actividad 10" */;
			compatibilityVersion = "Xcode 9.3";
			developmentRegion = en;
			hasScannedForEncodings = 0;
			knownRegions = (
				en,
				Base,
			);
			mainGroup = 53EFC7D62625472600E76A0C;
			productRefGroup = 53EFC7E02625472600E76A0C /* Products */;
			projectDirPath = "";
			projectRoot = "";
			targets = (
				53EFC7DE2625472600E76A0C /* Actividad 10 */,
			);
		};
/* End PBXProject section */

/* Begin PBXResourcesBuildPhase section */
		53EFC7DD2625472600E76A0C /* Resources */ = {
			isa = PBXResourcesBuildPhase;
			buildActionMask = 2147483647;
			files = (
				53EFC7EF2625472700E76A0C /* LaunchScreen.storyboard in Resources */,
				53EFC7EC2625472700E76A0C /* Assets.xcassets in Resources */,
				53EFC7EA2625472600E76A0C /* Main.storyboard in Resources */,
			);
			runOnlyForDeploymentPostprocessing = 0;
		};
/* End PBXResourcesBuildPhase section */

/* Begin PBXSourcesBuildPhase section */
		53EFC7DB2625472600E76A0C /* Sources */ = {
			isa = PBXSourcesBuildPhase;
			buildActionMask = 2147483647;
			files = (
				53EFC7E72625472600E76A0C /* ViewController.swift in Sources */,
				53EFC7F926254EA200E76A0C /* TablaVCTableViewController.swift in Sources */,
				53EFC7E32625472600E76A0C /* AppDelegate.swift in Sources */,
				53EFC7E52625472600E76A0C /* SceneDelegate.swift in Sources */,
			);
			runOnlyForDeploymentPostprocessing = 0;
		};
/* End PBXSourcesBuildPhase section */

/* Begin PBXVariantGroup section */
		53EFC7E82625472600E76A0C /* Main.storyboard */ = {
			isa = PBXVariantGroup;
			children = (
				53EFC7E92625472600E76A0C /* Base */,
			);
			name = Main.storyboard;
			sourceTree = "<group>";
		};
		53EFC7ED2625472700E76A0C /* LaunchScreen.storyboard */ = {
			isa = PBXVariantGroup;
			children = (
				53EFC7EE2625472700E76A0C /* Base */,
			);
			name = LaunchScreen.storyboard;
			sourceTree = "<group>";
		};
/* End PBXVariantGroup section */

/* Begin XCBuildConfiguration section */
		53EFC7F12625472700E76A0C /* Debug */ = {
			isa = XCBuildConfiguration;
			buildSettings = {
				ALWAYS_SEARCH_USER_PATHS = NO;
				CLANG_ANALYZER_NONNULL = YES;
				CLANG_ANALYZER_NUMBER_OBJECT_CONVERSION = YES_AGGRESSIVE;
				CLANG_CXX_LANGUAGE_STANDARD = "gnu++14";
				CLANG_CXX_LIBRARY = "libc++";
				CLANG_ENABLE_MODULES = YES;
				CLANG_ENABLE_OBJC_ARC = YES;
				CLANG_ENABLE_OBJC_WEAK = YES;
				CLANG_WARN_BLOCK_CAPTURE_AUTORELEASING = YES;
				CLANG_WARN_BOOL_CONVERSION = YES;
				CLANG_WARN_COMMA = YES;
				CLANG_WARN_CONSTANT_CONVERSION = YES;
				CLANG_WARN_DEPRECATED_OBJC_IMPLEMENTATIONS = YES;
				CLANG_WARN_DIRECT_OBJC_ISA_USAGE = YES_ERROR;
				CLANG_WARN_DOCUMENTATION_COMMENTS = YES;
				CLANG_WARN_EMPTY_BODY = YES;
				CLANG_WARN_ENUM_CONVERSION = YES;
				CLANG_WARN_INFINITE_RECURSION = YES;
				CLANG_WARN_INT_CONVERSION = YES;
				CLANG_WARN_NON_LITERAL_NULL_CONVERSION = YES;
				CLANG_WARN_OBJC_IMPLICIT_RETAIN_SELF = YES;
				CLANG_WARN_OBJC_LITERAL_CONVERSION = YES;
				CLANG_WARN_OBJC_ROOT_CLASS = YES_ERROR;
				CLANG_WARN_RANGE_LOOP_ANALYSIS = YES;
				CLANG_WARN_STRICT_PROTOTYPES = YES;
				CLANG_WARN_SUSPICIOUS_MOVE = YES;
				CLANG_WARN_UNGUARDED_AVAILABILITY = YES_AGGRESSIVE;
				CLANG_WARN_UNREACHABLE_CODE = YES;
				CLANG_WARN__DUPLICATE_METHOD_MATCH = YES;
				COPY_PHASE_STRIP = NO;
				DEBUG_INFORMATION_FORMAT = dwarf;
				ENABLE_STRICT_OBJC_MSGSEND = YES;
				ENABLE_TESTABILITY = YES;
				GCC_C_LANGUAGE_STANDARD = gnu11;
				GCC_DYNAMIC_NO_PIC = NO;
				GCC_NO_COMMON_BLOCKS = YES;
				GCC_OPTIMIZATION_LEVEL = 0;
				GCC_PREPROCESSOR_DEFINITIONS = (
					"DEBUG=1",
					"$(inherited)",
				);
				GCC_WARN_64_TO_32_BIT_CONVERSION = YES;
				GCC_WARN_ABOUT_RETURN_TYPE = YES_ERROR;
				GCC_WARN_UNDECLARED_SELECTOR = YES;
				GCC_WARN_UNINITIALIZED_AUTOS = YES_AGGRESSIVE;
				GCC_WARN_UNUSED_FUNCTION = YES;
				GCC_WARN_UNUSED_VARIABLE = YES;
				IPHONEOS_DEPLOYMENT_TARGET = 13.2;
				MTL_ENABLE_DEBUG_INFO = INCLUDE_SOURCE;
				MTL_FAST_MATH = YES;
				ONLY_ACTIVE_ARCH = YES;
				SDKROOT = iphoneos;
				SWIFT_ACTIVE_COMPILATION_CONDITIONS = DEBUG;
				SWIFT_OPTIMIZATION_LEVEL = "-Onone";
			};
			name = Debug;
		};
		53EFC7F22625472700E76A0C /* Release */ = {
			isa = XCBuildConfiguration;
			buildSettings = {
				ALWAYS_SEARCH_USER_PATHS = NO;
				CLANG_ANALYZER_NONNULL = YES;
				CLANG_ANALYZER_NUMBER_OBJECT_CONVERSION = YES_AGGRESSIVE;
				CLANG_CXX_LANGUAGE_STANDARD = "gnu++14";
				CLANG_CXX_LIBRARY = "libc++";
				CLANG_ENABLE_MODULES = YES;
				CLANG_ENABLE_OBJC_ARC = YES;
				CLANG_ENABLE_OBJC_WEAK = YES;
				CLANG_WARN_BLOCK_CAPTURE_AUTORELEASING = YES;
				CLANG_WARN_BOOL_CONVERSION = YES;
				CLANG_WARN_COMMA = YES;
				CLANG_WARN_CONSTANT_CONVERSION = YES;
				CLANG_WARN_DEPRECATED_OBJC_IMPLEMENTATIONS = YES;
				CLANG_WARN_DIRECT_OBJC_ISA_USAGE = YES_ERROR;
				CLANG_WARN_DOCUMENTATION_COMMENTS = YES;
				CLANG_WARN_EMPTY_BODY = YES;
				CLANG_WARN_ENUM_CONVERSION = YES;
				CLANG_WARN_INFINITE_RECURSION = YES;
				CLANG_WARN_INT_CONVERSION = YES;
				CLANG_WARN_NON_LITERAL_NULL_CONVERSION = YES;
				CLANG_WARN_OBJC_IMPLICIT_RETAIN_SELF = YES;
				CLANG_WARN_OBJC_LITERAL_CONVERSION = YES;
				CLANG_WARN_OBJC_ROOT_CLASS = YES_ERROR;
				CLANG_WARN_RANGE_LOOP_ANALYSIS = YES;
				CLANG_WARN_STRICT_PROTOTYPES = YES;
				CLANG_WARN_SUSPICIOUS_MOVE = YES;
				CLANG_WARN_UNGUARDED_AVAILABILITY = YES_AGGRESSIVE;
				CLANG_WARN_UNREACHABLE_CODE = YES;
				CLANG_WARN__DUPLICATE_METHOD_MATCH = YES;
				COPY_PHASE_STRIP = NO;
				DEBUG_INFORMATION_FORMAT = "dwarf-with-dsym";
				ENABLE_NS_ASSERTIONS = NO;
				ENABLE_STRICT_OBJC_MSGSEND = YES;
				GCC_C_LANGUAGE_STANDARD = gnu11;
				GCC_NO_COMMON_BLOCKS = YES;
				GCC_WARN_64_TO_32_BIT_CONVERSION = YES;
				GCC_WARN_ABOUT_RETURN_TYPE = YES_ERROR;
				GCC_WARN_UNDECLARED_SELECTOR = YES;
				GCC_WARN_UNINITIALIZED_AUTOS = YES_AGGRESSIVE;
				GCC_WARN_UNUSED_FUNCTION = YES;
				GCC_WARN_UNUSED_VARIABLE = YES;
				IPHONEOS_DEPLOYMENT_TARGET = 13.2;
				MTL_ENABLE_DEBUG_INFO = NO;
				MTL_FAST_MATH = YES;
				SDKROOT = iphoneos;
				SWIFT_COMPILATION_MODE = wholemodule;
				SWIFT_OPTIMIZATION_LEVEL = "-O";
				VALIDATE_PRODUCT = YES;
			};
			name = Release;
		};
		53EFC7F42625472700E76A0C /* Debug */ = {
			isa = XCBuildConfiguration;
			buildSettings = {
				ASSETCATALOG_COMPILER_APPICON_NAME = AppIcon;
				CODE_SIGN_STYLE = Automatic;
				INFOPLIST_FILE = "Actividad 10/Info.plist";
				LD_RUNPATH_SEARCH_PATHS = (
					"$(inherited)",
					"@executable_path/Frameworks",
				);
				PRODUCT_BUNDLE_IDENTIFIER = "appsmoviles.Actividad-10";
				PRODUCT_NAME = "$(TARGET_NAME)";
				SWIFT_VERSION = 5.0;
				TARGETED_DEVICE_FAMILY = "1,2";
			};
			name = Debug;
		};
		53EFC7F52625472700E76A0C /* Release */ = {
			isa = XCBuildConfiguration;
			buildSettings = {
				ASSETCATALOG_COMPILER_APPICON_NAME = AppIcon;
				CODE_SIGN_STYLE = Automatic;
				INFOPLIST_FILE = "Actividad 10/Info.plist";
				LD_RUNPATH_SEARCH_PATHS = (
					"$(inherited)",
					"@executable_path/Frameworks",
				);
				PRODUCT_BUNDLE_IDENTIFIER = "appsmoviles.Actividad-10";
				PRODUCT_NAME = "$(TARGET_NAME)";
				SWIFT_VERSION = 5.0;
				TARGETED_DEVICE_FAMILY = "1,2";
			};
			name = Release;
		};
/* End XCBuildConfiguration section */

/* Begin XCConfigurationList section */
		53EFC7DA2625472600E76A0C /* Build configuration list for PBXProject "Actividad 10" */ = {
			isa = XCConfigurationList;
			buildConfigurations = (
				53EFC7F12625472700E76A0C /* Debug */,
				53EFC7F22625472700E76A0C /* Release */,
			);
			defaultConfigurationIsVisible = 0;
			defaultConfigurationName = Release;
		};
		53EFC7F32625472700E76A0C /* Build configuration list for PBXNativeTarget "Actividad 10" */ = {
			isa = XCConfigurationList;
			buildConfigurations = (
				53EFC7F42625472700E76A0C /* Debug */,
				53EFC7F52625472700E76A0C /* Release */,
			);
			defaultConfigurationIsVisible = 0;
			defaultConfigurationName = Release;
		};
/* End XCConfigurationList section */
	};
	rootObject = 53EFC7D72625472600E76A0C /* Project object */;
}
